
Microsoft Visual Studio Solution File, Format Version 12.00
# Visual Studio 2012
Project("{FAE04EC0-301F-11D3-BF4B-00C04F79EFBC}") = "VJeek.Plugin.Misc.WaterMark", "VJeek.Plugin.Misc.WaterMark.csproj", "{9C723034-2CAF-42B2-8092-EC0610E6CEFA}"
EndProject
Global
	GlobalSection(SolutionConfigurationPlatforms) = preSolution
		Debug|Any CPU = Debug|Any CPU
		Release|Any CPU = Release|Any CPU
	EndGlobalSection
	GlobalSection(ProjectConfigurationPlatforms) = postSolution
		{9C723034-2CAF-42B2-8092-EC0610E6CEFA}.Debug|Any CPU.ActiveCfg = Debug|Any CPU
		{9C723034-2CAF-42B2-8092-EC0610E6CEFA}.Debug|Any CPU.Build.0 = Debug|Any CPU
		{9C723034-2CAF-42B2-8092-EC0610E6CEFA}.Release|Any CPU.ActiveCfg = Release|Any CPU
		{9C723034-2CAF-42B2-8092-EC0610E6CEFA}.Release|Any CPU.Build.0 = Release|Any CPU
	EndGlobalSection
	GlobalSection(SolutionProperties) = preSolution
		HideSolutionNode = FALSE
	EndGlobalSection
EndGlobal
